<?xml version="1.0" encoding="utf-8"?>
<Project ToolsVersion="4.0" xmlns="http://schemas.microsoft.com/developer/msbuild/2003">
  <ItemGroup>
    <Filter Include="sndlib">
      <UniqueIdentifier>{d1ed177c-e3e6-4589-bf86-a91981ad9788}</UniqueIdentifier>
    </Filter>
  </ItemGroup>
  <ItemGroup>
    <ClCompile Include="..\src\sndlib\extra.c">
      <Filter>sndlib</Filter>
    </ClCompile>
    <ClCompile Include="..\src\sndlib\headers.c">
      <Filter>sndlib</Filter>
    </ClCompile>
    <ClCompile Include="..\src\sndlib\io.c">
      <Filter>sndlib</Filter>
    </ClCompile>
  </ItemGroup>
  <ItemGroup>
    <ClInclude Include="..\src\sndlib\sndlib.h">
      <Filter>sndlib</Filter>
    </ClInclude>
  </ItemGroup>
</Project>